109
132
149
109
126
0
76
77
117
31
23
143
137
48
138
127
76
4
102
27
37
1
110
44
24
27
35
149
124
65
116
58
71
27
18
107
55
18
3
94
148
56
80
102
119
88
23
107
131
63
121
8
64
73
64
97
37
80
84
0
74
61
104
135
87
81
57
98
106
85
86
139
83
87
32
121
7
53
104
102
83
12
58
17
110
75
41
118
21
72
77
29
55
8
16
44
140
139
118
70
2
81
145
59
81
24
4
83
74
13
59
148
78
50
60
90
80
18
107
56
128
114
125
112
3
90
99
111
82
95
24
103
110
95
43
96
104
7
120
25
147
99
102
65
45
128
106
117
72
94
46
60
58
40
124
92
11
112
138
89
21
122
17
67
63
7
62
51
127
45
27
19
98
14
35
23
28
64
52
114
85
127
75
19
101
102
33
11
36
106
101
2
17
41
70
8
96
145
56
20
54
144
137
134
48
101
57
48
20
3
75
57
25
103
72
108
143
0
36
79
106
87
138
102
86
42
148
74
31
106
55
120
59
59
56
46
13
88
80
54
12
35
41
31
5
53
117
16
18
129
65
69
109
82
33
125
101
48
0
55
103
8
120
95
28
91
91
40
37
105
93
78
1
111
98
43
149
106
89
28
87
133
106
89
136
139
136
4
41
70
122
69
34
18
59
116
73
108
145
120
103
109
31
149
25
109
6
71
2
87
47
86
12
138
97
77
85
126
90
61
66
1
32
140
56
120
21
55
136
64
73
26
18
57
19
84
145
129
52
56
79
45
15
138
113
42
93
89
65
134
103
40
11
131
29
4
74
81
98
78
84
61
66
56
95
142
114
148
3
49
139
112
114
63
65
87
54
72
61
86
118
144
33
107
61
143
127
71
135
93
27
39
57
29
52
41
131
33
52
131
78
135
15
25
148
62
15
82
64
146
47
119
47
52
99
74
140
4
129
140
10
92
1
62
77
88
130
84
67
35
68
103
116
16
21
16
78
125
125
109
38
39
1
45
69
142
88
44
29
57
88
13
103
123
13
25
43
104
65
115
75
8
136
49
76
132
82
24
144
31
70
90
5
32
76
125
135
115
46
135
14
1
134
18
22
7
109
104
40
2
41
122
94
48
70
93
26
57
10
120
124
115
145
116
23
66
23
8
53
112
44
86
84
56
26
91
52
38
40
109
2
121
50
121
91
59
5
79
99
29
53
62
10
79
21
104
24
62
49
48
36
7
36
84
11
53
94
112
106
88
142
8
51
38
139
137
16
0
140
96
80
44
52
107
127
90
125
101
68
43
10
77
133
62
10
59
68
73
53
142
98
25
70
57
52
32
134
115
104
126
118
14
125
110
31
85
27
39
13
120
23
51
83
16
76
137
114
17
79
69
25
108
94
126
72
4
53
117
13
69
52
22
124
104
40
114
73
108
110
10
10
112
123
34
121
6
141
112
11
0
77
128
67
68
103
112
86
73
41
58
28
33
65
20
55
82
108
135
20
144
35
85
33
129
20
68
23
73
15
67
31
138
29
103
12
142
137
31
13
100
118
114
6
101
98
130
116
124
141
85
139
93
62
80
38
93
111
8
61
46
3
30
21
16
28
75
60
147
106
10
90
33
117
12
87
81
4
11
37
24
78
14
127
124
0
140
130
3
30
99
46
105
131
33
39
110
33
91
145
26
52
51
30
94
115
67
54
124
72
84
67
26
119
89
94
124
100
62
16
127
30
70
80
127
11
1
23
94
96
76
39
85
107
121
16
34
119
143
67
45
5
149
63
54
9
0
27
64
1
105
100
132
54
139
1
122
20
6
81
14
69
18
79
90
149
130
89
64
71
149
15
4
39
144
71
47
88
89
94
111
23
95
35
123
128
85
42
108
1
64
78
39
83
131
126
116
124
13
21
2
107
132
93
91
18
112
97
132
38
55
2
141
129
133
35
109
97
38
123
77
62
110
70
37
49
26
8
46
46
2
23
25
93
65
80
41
120
36
60
99
56
140
18
63
65
5
24
106
24
121
143
146
54
75
66
98
86
145
111
139
9
9
89
93
47
119
41
133
117
143
76
54
39
122
118
14
79
131
22
81
14
77
142
83
83
81
34
55
36
99
128
61
9
12
36
6
30
43
108
80
73
141
68
72
96
61
27
92
14
29
97
63
24
101
9
65
71
4
91
148
88
57
99
17
106
52
141
117
45
87
83
9
69
119
7
98
127
6
40
31
15
36
32
35
59
50
103
115
102
47
146
120
61
90
82
93
9
118
25
88
95
33
42
58
116
19
26
33
27
109
142
147
64
66
133
16
114
65
58
146
134
87
140
12
18
84
111
36
67
8
41
115
5
3
12
4
7
69
130
28
121
114
53
44
98
34
17
133
121
74
2
56
35
15
19
136
34
119
100
100
116
36
133
75
48
69
141
122
32
115
39
143
43
117
16
66
28
36
40
97
57
14
9
69
7
64
113
12
87
119
126
128
106
64
143
116
86
38
138
20
101
68
5
45
34
70
137
91
110
91
82
117
130
77
130
136
2
92
45
15
58
14
123
27
98
102
30
108
6
19
66
72
121
19
56
24
23
127
9
67
21
93
117
114
100
19
43
85
73
102
19
63
132
122
6
12
100
98
28
40
119
35
9
29
47
71
47
4
111
38
134
90
71
55
62
60
25
68
26
91
120
81
100
26
67
133
96
113
18
26
137
28
73
101
30
27
129
10
97
58
48
132
121
37
125
92
92
51
15
11
138
105
73
2
95
51
38
46
132
128
36
71
74
67
54
10
127
116
3
58
34
75
39
86
72
113
60
141
50
17
92
51
2
146
68
119
118
84
78
37
36
132
3
147
124
149
6
72
10
80
48
112
113
44
45
7
126
99
75
60
77
40
33
3
89
90
36
17
14
42
86
126
144
92
17
1
23
14
100
57
51
133
24
96
89
100
100
131
146
51
53
19
63
93
46
87
39
96
108
94
114
72
49
55
79
0
34
118
24
7
100
113
50
53
134
43
34
7
73
107
12
40
92
66
124
51
59
68
15
11
77
135
91
42
79
41
22
125
136
30
36
89
49
48
112
25
13
148
120
125
6
104
134
141
104
16
21
93
20
105
144
117
84
101
30
4
46
16
5
85
34
128
92
104
24
147
99
146
147
71
95
76
42
30
60
86
17
6
34
13
133
9
99
146
130
83
86
4
85
31
30
148
105
56
82
97
105
76
103
26
40
99
97
6
77
128
43
86
74
11
112
8
10
96
49
42
145
96
33
83
47
118
65
7
74
59
24
147
107
57
6
139
17
131
75
128
11
135
61
109
60
49
139
42
4
76
146
74
21
66
37
63
110
10
41
87
25
110
22
138
61
6
107
4
17
33
65
90
10
105
48
114
58
147
97
55
78
44
100
70
115
122
47
44
22
69
83
17
81
141
93
126
134
67
8
136
49
46
79
84
106
138
95
148
136
49
78
117
77
141
27
4
89
1
25
144
102
129
79
43
131
26
113
60
37
50
73
46
137
70
116
8
116
115
35
81
58
39
149
22
58
31
71
83
5
76
63
82
123
30
105
39
120
42
91
48
22
50
113
101
80
97
92
11
115
131
119
78
26
34
69
113
27
19
38
129
82
22
109
88
12
75
15
13
47
98
73
78
145
12
9
111
136
63
45
61
1
101
95
15
37
57
52
6
111
102
20
63
51
83
58
49
19
148
146
135
54
62
3
16
139
26
7
1
44
129
53
47
144
114
30
2
27
5
92
105
32
44
56
3
42
12
51
119
107
22
38
28
29
112
131
45
64
3
99
75
85
105
13
49
96
61
0
106
17
76
141
130
118
139
43
41
43
133
11
20
50
66
48
29
71
59
96
32
113
41
17
79
44
68
81
79
147
74
1
124
117
71
91
108
50
135
97
34
144
90
69
46
18
108
37
88
100
127
31
113
132
5
62
45
22
68
21
125
31
15
95
50
70
109
32
20
68
71
64
54
24
67
50
53
47
62
28
113
32
74
123
38
46
66
108
123
123
2
40
83
9
20
122
2
45
14
66
140
37
32
21
11
129
76
89
140
50
76
111
60
104
19
40
88
28
9
33
119
81
21
126
102
5
140
45
120
103
20
66
52
122
22
56
20
105
42
66
108
54
96
50
149
18
111
79
103
22
63
43
78
28
142
122
37
92
42
75
22
87
137
132
98
82
132
35
77
38
70
103
23
42
31
118
21
3
81
102
0
73
69
28
145
146
45
55
25
68
43
147
135
126
128
26
12
32
23
0
55
104
121
35
7
59
49
59
138
53
147
75
105
8
27
9
94
85
0
19
97
137
126
110
80
21
14
111
110
142
80
35
44
31
123
13
90
22
51
52
107
3
3
80
35
112
23
143
32
142
137
65
94
25
5
74
29
62
110
137
15
40
16
70
1
9
32
137
38
72
58
141
113
85
78
143
43
86
30
10
95
95
6
0
134
39
57
139
44
58
0
129
123
122
107
55
136
34
115
29
44
13
41
82
124
97
61
60
88
20
123
32
37
84
8
84
130
