111
12
181
3
42
103
84
13
59
121
126
173
185
99
143
119
75
201
172
173
33
68
36
22
75
50
186
187
114
149
130
161
33
18
66
133
166
13
141
66
91
99
200
86
28
10
26
89
64
195
92
2
51
2
48
134
15
74
19
36
157
211
71
4
160
159
41
98
100
40
200
61
72
169
103
1
116
189
15
125
129
161
153
24
167
88
76
214
186
147
136
60
179
61
81
43
52
20
103
187
152
82
51
92
44
54
72
20
136
102
60
83
180
84
87
46
146
210
134
58
7
19
94
215
41
54
218
90
0
146
117
107
139
39
120
83
19
217
104
31
204
85
218
49
1
157
59
97
79
0
152
112
166
164
44
138
181
16
83
119
108
15
46
154
14
34
49
213
87
84
98
126
181
76
2
194
154
20
117
176
0
124
27
1
86
196
80
42
169
112
159
38
133
46
73
204
101
128
38
193
158
111
62
74
149
96
48
129
201
211
16
188
161
109
213
94
197
179
131
222
123
50
133
168
32
16
105
28
69
168
11
55
204
90
58
101
101
157
101
63
222
181
163
102
113
138
130
220
50
56
162
101
163
24
33
127
185
21
85
92
99
69
84
43
109
5
212
11
175
148
36
140
198
44
189
75
106
114
6
167
14
188
64
219
90
74
203
167
23
209
48
116
82
96
157
47
110
115
69
120
145
186
104
91
58
198
94
128
64
57
107
91
214
75
57
200
118
162
2
23
0
182
62
50
158
183
207
121
54
147
170
80
16
88
178
171
135
3
172
210
38
107
46
5
106
212
56
154
5
8
4
35
134
100
52
184
20
115
93
170
154
206
71
176
195
76
28
71
42
216
177
97
77
91
203
199
137
25
140
18
206
90
107
11
120
122
33
29
123
83
63
47
221
206
151
10
67
165
169
172
111
155
162
63
203
79
174
7
146
53
81
92
135
71
23
59
216
125
209
29
77
108
149
128
84
127
93
147
26
142
30
211
89
127
168
200
3
56
141
201
52
126
205
222
82
29
151
211
24
77
100
158
139
9
26
0
212
176
205
215
25
39
207
110
128
117
159
9
145
37
65
141
68
192
177
160
192
74
141
202
80
59
216
6
63
61
205
106
182
22
57
55
144
34
189
37
55
88
91
72
2
43
23
160
94
95
144
219
109
207
123
51
215
52
17
188
55
103
113
36
65
72
77
199
133
210
185
175
34
102
149
6
216
136
214
95
115
41
142
219
180
205
118
27
78
163
75
26
150
125
43
112
164
188
110
47
105
131
42
113
72
117
60
53
105
140
194
34
150
23
15
96
165
182
109
5
171
155
177
15
98
32
21
132
13
45
104
198
144
137
132
153
6
112
90
20
5
32
29
122
132
222
156
39
108
8
44
22
13
4
175
79
17
37
70
45
148
62
137
76
197
14
46
4
156
208
166
80
70
209
104
27
17
12
180
58
116
86
95
88
155
30
89
208
53
174
45
60
48
87
137
35
178
34
184
196
184
213
113
208
80
125
37
190
115
195
82
9
204
167
217
1
119
102
85
130
150
180
159
191
176
191
49
174
85
39
89
106
9
31
56
65
71
143
103
119
105
35
116
78
76
9
120
2
82
182
142
197
173
190
156
106
221
213
220
57
21
118
183
126
25
7
166
199
183
148
59
198
191
124
201
187
68
100
174
78
61
48
24
86
30
139
165
3
95
117
45
67
31
187
218
53
14
12
30
134
169
78
81
64
202
0
114
70
189
164
7
54
190
193
8
175
24
8
11
163
51
212
193
170
129
70
53
62
18
49
172
38
66
21
121
29
1
31
155
168
37
136
11
95
142
122
86
77
1
10
83
135
67
152
100
30
147
186
96
183
99
54
196
127
66
68
12
61
18
63
81
138
196
28
153
118
124
94
17
110
164
55
177
4
165
42
184
135
41
150
87
193
209
190
52
179
152
178
171
148
122
185
26
78
104
160
47
79
151
40
27
158
88
25
132
202
131
70
96
105
108
13
93
18
98
6
28
60
98
10
92
220
112
162
87
102
65
69
16
220
85
79
97
145
67
197
178
140
97
31
73
45
10
35
57
69
50
25
161
206
36
97
66
210
115
192
194
44
146
51
114
152
138
32
129
99
217
116
41
131
113
110
14
49
143
65
144
111
33
179
195
118
203
73
123
22
68
151
27
173
3
107
7
43
8
64
207
93
40
130
93
194
108
199
19
145
114
171
139
19
17
67
81
22
73
40
12
156
21
38
215
56
124
58
121
221
40
111
143
32
62
191
39
192
